<Solution>
  <Project Path="Assembly-CSharp.csproj" />
  <Project Path="sc.vegetationspawner.runtime.csproj" />
  <Project Path="PropertyMaster.csproj" />
  <Project Path="sc.vegetationspawner.editor.csproj" />
  <Project Path="PropertyMaster.Editor.csproj" />
  <Project Path="WindControlEd.csproj" />
  <Project Path="WindControl.csproj" />
</Solution>
